
Microsoft Visual Studio Solution File, Format Version 12.00
# Visual Studio 2012
Project("{FAE04EC0-301F-11D3-BF4B-00C04F79EFBC}") = "BreakOutPong", "BreakOutPong\BreakOutPong.csproj", "{048FEEAF-DF86-4854-A049-FF75C508AEA8}"
EndProject
Global
	GlobalSection(SolutionConfigurationPlatforms) = preSolution
		Debug|Any CPU = Debug|Any CPU
		Release|Any CPU = Release|Any CPU
	EndGlobalSection
	GlobalSection(ProjectConfigurationPlatforms) = postSolution
		{048FEEAF-DF86-4854-A049-FF75C508AEA8}.Debug|Any CPU.ActiveCfg = Debug|Any CPU
		{048FEEAF-DF86-4854-A049-FF75C508AEA8}.Debug|Any CPU.Build.0 = Debug|Any CPU
		{048FEEAF-DF86-4854-A049-FF75C508AEA8}.Release|Any CPU.ActiveCfg = Release|Any CPU
		{048FEEAF-DF86-4854-A049-FF75C508AEA8}.Release|Any CPU.Build.0 = Release|Any CPU
	EndGlobalSection
	GlobalSection(SolutionProperties) = preSolution
		HideSolutionNode = FALSE
	EndGlobalSection
EndGlobal
